
Microsoft Visual Studio Solution File, Format Version 12.00
# Visual Studio Version 16
VisualStudioVersion = 16.0.30523.141
MinimumVisualStudioVersion = 10.0.40219.1
Project("{FAE04EC0-301F-11D3-BF4B-00C04F79EFBC}") = "CampoVerde", "CampoVerde.csproj", "{D136F0B8-EA49-41A0-81E9-8D8C28E15427}"
EndProject
Global
	GlobalSection(SolutionConfigurationPlatforms) = preSolution
		Debug|Any CPU = Debug|Any CPU
		Release|Any CPU = Release|Any CPU
	EndGlobalSection
	GlobalSection(ProjectConfigurationPlatforms) = postSolution
		{D136F0B8-EA49-41A0-81E9-8D8C28E15427}.Debug|Any CPU.ActiveCfg = Debug|Any CPU
		{D136F0B8-EA49-41A0-81E9-8D8C28E15427}.Debug|Any CPU.Build.0 = Debug|Any CPU
		{D136F0B8-EA49-41A0-81E9-8D8C28E15427}.Release|Any CPU.ActiveCfg = Release|Any CPU
		{D136F0B8-EA49-41A0-81E9-8D8C28E15427}.Release|Any CPU.Build.0 = Release|Any CPU
	EndGlobalSection
	GlobalSection(SolutionProperties) = preSolution
		HideSolutionNode = FALSE
	EndGlobalSection
	GlobalSection(ExtensibilityGlobals) = postSolution
		SolutionGuid = {B2D3ED69-FB67-49C2-ABFF-9823D38FC6DA}
	EndGlobalSection
EndGlobal
